
Microsoft Visual Studio Solution File, Format Version 12.00
# Visual Studio Version 17
VisualStudioVersion = 17.11.35312.102
MinimumVisualStudioVersion = 10.0.40219.1
Project("{9A19103F-16F7-4668-BE54-9A1E7A4F7556}") = "WasteWatchAuth", "WasteWatchAuth\WasteWatchAuth.csproj", "{3ECED502-9FB8-41D7-95F1-8B8919DB1D92}"
EndProject
Project("{FAE04EC0-301F-11D3-BF4B-00C04F79EFBC}") = "WasteWatchAuthTests", "WasteWatchAuthTests\WasteWatchAuthTests.csproj", "{3F8E544C-0A69-4C75-BCF6-B318B583A792}"
EndProject
Global
	GlobalSection(SolutionConfigurationPlatforms) = preSolution
		Debug|Any CPU = Debug|Any CPU
		Release|Any CPU = Release|Any CPU
	EndGlobalSection
	GlobalSection(ProjectConfigurationPlatforms) = postSolution
		{3ECED502-9FB8-41D7-95F1-8B8919DB1D92}.Debug|Any CPU.ActiveCfg = Debug|Any CPU
		{3ECED502-9FB8-41D7-95F1-8B8919DB1D92}.Debug|Any CPU.Build.0 = Debug|Any CPU
		{3ECED502-9FB8-41D7-95F1-8B8919DB1D92}.Release|Any CPU.ActiveCfg = Release|Any CPU
		{3ECED502-9FB8-41D7-95F1-8B8919DB1D92}.Release|Any CPU.Build.0 = Release|Any CPU
		{3F8E544C-0A69-4C75-BCF6-B318B583A792}.Debug|Any CPU.ActiveCfg = Debug|Any CPU
		{3F8E544C-0A69-4C75-BCF6-B318B583A792}.Debug|Any CPU.Build.0 = Debug|Any CPU
		{3F8E544C-0A69-4C75-BCF6-B318B583A792}.Release|Any CPU.ActiveCfg = Release|Any CPU
		{3F8E544C-0A69-4C75-BCF6-B318B583A792}.Release|Any CPU.Build.0 = Release|Any CPU
	EndGlobalSection
	GlobalSection(SolutionProperties) = preSolution
		HideSolutionNode = FALSE
	EndGlobalSection
	GlobalSection(ExtensibilityGlobals) = postSolution
		SolutionGuid = {AEC50FA1-CECD-4AE6-915E-DE4576A26782}
	EndGlobalSection
EndGlobal
